// !$*UTF8*$!
{
	archiveVersion = 1;
	classes = {
	};
	objectVersion = 77;
	objects = {

/* Begin PBXBuildFile section */
		046B7D862DBB5416004CEF89 /* FirebaseCore in Frameworks */ = {isa = PBXBuildFile; productRef = 046B7D852DBB5416004CEF89 /* FirebaseCore */; };
		046B7D882DBB5416004CEF89 /* FirebaseFunctions in Frameworks */ = {isa = PBXBuildFile; productRef = 046B7D872DBB5416004CEF89 /* FirebaseFunctions */; };
		046B7D8A2DBB5416004CEF89 /* FirebaseFunctionsCombine-Community in Frameworks */ = {isa = PBXBuildFile; productRef = 046B7D892DBB5416004CEF89 /* FirebaseFunctionsCombine-Community */; };
		046B7D8D2DBB5B30004CEF89 /* ExyteMediaPicker in Frameworks */ = {isa = PBXBuildFile; productRef = 046B7D8C2DBB5B30004CEF89 /* ExyteMediaPicker */; };
		04C231762DB950530079AC17 /* FirebaseAnalyticsWithoutAdIdSupport in Frameworks */ = {isa = PBXBuildFile; productRef = 04C231752DB950530079AC17 /* FirebaseAnalyticsWithoutAdIdSupport */; };
		04C231782DB950530079AC17 /* FirebaseAuth in Frameworks */ = {isa = PBXBuildFile; productRef = 04C231772DB950530079AC17 /* FirebaseAuth */; };
		04C2317A2DB950530079AC17 /* FirebaseFirestore in Frameworks */ = {isa = PBXBuildFile; productRef = 04C231792DB950530079AC17 /* FirebaseFirestore */; };
		04C2317C2DB950530079AC17 /* FirebaseMessaging in Frameworks */ = {isa = PBXBuildFile; productRef = 04C2317B2DB950530079AC17 /* FirebaseMessaging */; };
		04C2317E2DB950530079AC17 /* FirebaseStorage in Frameworks */ = {isa = PBXBuildFile; productRef = 04C2317D2DB950530079AC17 /* FirebaseStorage */; };
/* End PBXBuildFile section */

/* Begin PBXContainerItemProxy section */
		04D89BDF2DB8B3C800BFF180 /* PBXContainerItemProxy */ = {
			isa = PBXContainerItemProxy;
			containerPortal = 04D89BC12DB8B3C500BFF180 /* Project object */;
			proxyType = 1;
			remoteGlobalIDString = 04D89BC82DB8B3C500BFF180;
			remoteInfo = RVChatApp;
		};
		04D89BE92DB8B3C800BFF180 /* PBXContainerItemProxy */ = {
			isa = PBXContainerItemProxy;
			containerPortal = 04D89BC12DB8B3C500BFF180 /* Project object */;
			proxyType = 1;
			remoteGlobalIDString = 04D89BC82DB8B3C500BFF180;
			remoteInfo = RVChatApp;
		};
/* End PBXContainerItemProxy section */

/* Begin PBXFileReference section */
		04D89BC92DB8B3C500BFF180 /* RVChatApp.app */ = {isa = PBXFileReference; explicitFileType = wrapper.application; includeInIndex = 0; path = RVChatApp.app; sourceTree = BUILT_PRODUCTS_DIR; };
		04D89BDE2DB8B3C800BFF180 /* RVChatAppTests.xctest */ = {isa = PBXFileReference; explicitFileType = wrapper.cfbundle; includeInIndex = 0; path = RVChatAppTests.xctest; sourceTree = BUILT_PRODUCTS_DIR; };
		04D89BE82DB8B3C800BFF180 /* RVChatAppUITests.xctest */ = {isa = PBXFileReference; explicitFileType = wrapper.cfbundle; includeInIndex = 0; path = RVChatAppUITests.xctest; sourceTree = BUILT_PRODUCTS_DIR; };
/* End PBXFileReference section */

/* Begin PBXFileSystemSynchronizedBuildFileExceptionSet section */
		042AE6192DBCE32400638979 /* Exceptions for "RVChatApp" folder in "RVChatApp" target */ = {
			isa = PBXFileSystemSynchronizedBuildFileExceptionSet;
			membershipExceptions = (
				Info.plist,
			);
			target = 04D89BC82DB8B3C500BFF180 /* RVChatApp */;
		};
/* End PBXFileSystemSynchronizedBuildFileExceptionSet section */

/* Begin PBXFileSystemSynchronizedRootGroup section */
		04D89BCB2DB8B3C500BFF180 /* RVChatApp */ = {
			isa = PBXFileSystemSynchronizedRootGroup;
			exceptions = (
				042AE6192DBCE32400638979 /* Exceptions for "RVChatApp" folder in "RVChatApp" target */,
			);
			path = RVChatApp;
			sourceTree = "<group>";
		};
		04D89BE12DB8B3C800BFF180 /* RVChatAppTests */ = {
			isa = PBXFileSystemSynchronizedRootGroup;
			path = RVChatAppTests;
			sourceTree = "<group>";
		};
		04D89BEB2DB8B3C800BFF180 /* RVChatAppUITests */ = {
			isa = PBXFileSystemSynchronizedRootGroup;
			path = RVChatAppUITests;
			sourceTree = "<group>";
		};
/* End PBXFileSystemSynchronizedRootGroup section */

/* Begin PBXFrameworksBuildPhase section */
		04D89BC62DB8B3C500BFF180 /* Frameworks */ = {
			isa = PBXFrameworksBuildPhase;
			buildActionMask = 2147483647;
			files = (
				046B7D8D2DBB5B30004CEF89 /* ExyteMediaPicker in Frameworks */,
				04C2317C2DB950530079AC17 /* FirebaseMessaging in Frameworks */,
				046B7D882DBB5416004CEF89 /* FirebaseFunctions in Frameworks */,
				04C231762DB950530079AC17 /* FirebaseAnalyticsWithoutAdIdSupport in Frameworks */,
				04C231782DB950530079AC17 /* FirebaseAuth in Frameworks */,
				04C2317E2DB950530079AC17 /* FirebaseStorage in Frameworks */,
				046B7D862DBB5416004CEF89 /* FirebaseCore in Frameworks */,
				04C2317A2DB950530079AC17 /* FirebaseFirestore in Frameworks */,
				046B7D8A2DBB5416004CEF89 /* FirebaseFunctionsCombine-Community in Frameworks */,
			);
			runOnlyForDeploymentPostprocessing = 0;
		};
		04D89BDB2DB8B3C800BFF180 /* Frameworks */ = {
			isa = PBXFrameworksBuildPhase;
			buildActionMask = 2147483647;
			files = (
			);
			runOnlyForDeploymentPostprocessing = 0;
		};
		04D89BE52DB8B3C800BFF180 /* Frameworks */ = {
			isa = PBXFrameworksBuildPhase;
			buildActionMask = 2147483647;
			files = (
			);
			runOnlyForDeploymentPostprocessing = 0;
		};
/* End PBXFrameworksBuildPhase section */

/* Begin PBXGroup section */
		04D89BC02DB8B3C500BFF180 = {
			isa = PBXGroup;
			children = (
				04D89BCB2DB8B3C500BFF180 /* RVChatApp */,
				04D89BE12DB8B3C800BFF180 /* RVChatAppTests */,
				04D89BEB2DB8B3C800BFF180 /* RVChatAppUITests */,
				04D89BCA2DB8B3C500BFF180 /* Products */,
			);
			sourceTree = "<group>";
		};
		04D89BCA2DB8B3C500BFF180 /* Products */ = {
			isa = PBXGroup;
			children = (
				04D89BC92DB8B3C500BFF180 /* RVChatApp.app */,
				04D89BDE2DB8B3C800BFF180 /* RVChatAppTests.xctest */,
				04D89BE82DB8B3C800BFF180 /* RVChatAppUITests.xctest */,
			);
			name = Products;
			sourceTree = "<group>";
		};
/* End PBXGroup section */

/* Begin PBXNativeTarget section */
		04D89BC82DB8B3C500BFF180 /* RVChatApp */ = {
			isa = PBXNativeTarget;
			buildConfigurationList = 04D89BF22DB8B3C800BFF180 /* Build configuration list for PBXNativeTarget "RVChatApp" */;
			buildPhases = (
				04D89BC52DB8B3C500BFF180 /* Sources */,
				04D89BC62DB8B3C500BFF180 /* Frameworks */,
				04D89BC72DB8B3C500BFF180 /* Resources */,
			);
			buildRules = (
			);
			dependencies = (
			);
			fileSystemSynchronizedGroups = (
				04D89BCB2DB8B3C500BFF180 /* RVChatApp */,
			);
			name = RVChatApp;
			packageProductDependencies = (
				04C231752DB950530079AC17 /* FirebaseAnalyticsWithoutAdIdSupport */,
				04C231772DB950530079AC17 /* FirebaseAuth */,
				04C231792DB950530079AC17 /* FirebaseFirestore */,
				04C2317B2DB950530079AC17 /* FirebaseMessaging */,
				04C2317D2DB950530079AC17 /* FirebaseStorage */,
				046B7D852DBB5416004CEF89 /* FirebaseCore */,
				046B7D872DBB5416004CEF89 /* FirebaseFunctions */,
				046B7D892DBB5416004CEF89 /* FirebaseFunctionsCombine-Community */,
				046B7D8C2DBB5B30004CEF89 /* ExyteMediaPicker */,
			);
			productName = RVChatApp;
			productReference = 04D89BC92DB8B3C500BFF180 /* RVChatApp.app */;
			productType = "com.apple.product-type.application";
		};
		04D89BDD2DB8B3C800BFF180 /* RVChatAppTests */ = {
			isa = PBXNativeTarget;
			buildConfigurationList = 04D89BF52DB8B3C800BFF180 /* Build configuration list for PBXNativeTarget "RVChatAppTests" */;
			buildPhases = (
				04D89BDA2DB8B3C800BFF180 /* Sources */,
				04D89BDB2DB8B3C800BFF180 /* Frameworks */,
				04D89BDC2DB8B3C800BFF180 /* Resources */,
			);
			buildRules = (
			);
			dependencies = (
				04D89BE02DB8B3C800BFF180 /* PBXTargetDependency */,
			);
			fileSystemSynchronizedGroups = (
				04D89BE12DB8B3C800BFF180 /* RVChatAppTests */,
			);
			name = RVChatAppTests;
			packageProductDependencies = (
			);
			productName = RVChatAppTests;
			productReference = 04D89BDE2DB8B3C800BFF180 /* RVChatAppTests.xctest */;
			productType = "com.apple.product-type.bundle.unit-test";
		};
		04D89BE72DB8B3C800BFF180 /* RVChatAppUITests */ = {
			isa = PBXNativeTarget;
			buildConfigurationList = 04D89BF82DB8B3C800BFF180 /* Build configuration list for PBXNativeTarget "RVChatAppUITests" */;
			buildPhases = (
				04D89BE42DB8B3C800BFF180 /* Sources */,
				04D89BE52DB8B3C800BFF180 /* Frameworks */,
				04D89BE62DB8B3C800BFF180 /* Resources */,
			);
			buildRules = (
			);
			dependencies = (
				04D89BEA2DB8B3C800BFF180 /* PBXTargetDependency */,
			);
			fileSystemSynchronizedGroups = (
				04D89BEB2DB8B3C800BFF180 /* RVChatAppUITests */,
			);
			name = RVChatAppUITests;
			packageProductDependencies = (
			);
			productName = RVChatAppUITests;
			productReference = 04D89BE82DB8B3C800BFF180 /* RVChatAppUITests.xctest */;
			productType = "com.apple.product-type.bundle.ui-testing";
		};
/* End PBXNativeTarget section */

/* Begin PBXProject section */
		04D89BC12DB8B3C500BFF180 /* Project object */ = {
			isa = PBXProject;
			attributes = {
				BuildIndependentTargetsInParallel = 1;
				LastSwiftUpdateCheck = 1600;
				LastUpgradeCheck = 1600;
				TargetAttributes = {
					04D89BC82DB8B3C500BFF180 = {
						CreatedOnToolsVersion = 16.0;
					};
					04D89BDD2DB8B3C800BFF180 = {
						CreatedOnToolsVersion = 16.0;
						TestTargetID = 04D89BC82DB8B3C500BFF180;
					};
					04D89BE72DB8B3C800BFF180 = {
						CreatedOnToolsVersion = 16.0;
						TestTargetID = 04D89BC82DB8B3C500BFF180;
					};
				};
			};
			buildConfigurationList = 04D89BC42DB8B3C500BFF180 /* Build configuration list for PBXProject "RVChatApp" */;
			developmentRegion = en;
			hasScannedForEncodings = 0;
			knownRegions = (
				en,
				Base,
			);
			mainGroup = 04D89BC02DB8B3C500BFF180;
			minimizedProjectReferenceProxies = 1;
			packageReferences = (
				04C231742DB950530079AC17 /* XCRemoteSwiftPackageReference "firebase-ios-sdk" */,
				046B7D8B2DBB5B30004CEF89 /* XCRemoteSwiftPackageReference "MediaPicker" */,
			);
			preferredProjectObjectVersion = 77;
			productRefGroup = 04D89BCA2DB8B3C500BFF180 /* Products */;
			projectDirPath = "";
			projectRoot = "";
			targets = (
				04D89BC82DB8B3C500BFF180 /* RVChatApp */,
				04D89BDD2DB8B3C800BFF180 /* RVChatAppTests */,
				04D89BE72DB8B3C800BFF180 /* RVChatAppUITests */,
			);
		};
/* End PBXProject section */

/* Begin PBXResourcesBuildPhase section */
		04D89BC72DB8B3C500BFF180 /* Resources */ = {
			isa = PBXResourcesBuildPhase;
			buildActionMask = 2147483647;
			files = (
			);
			runOnlyForDeploymentPostprocessing = 0;
		};
		04D89BDC2DB8B3C800BFF180 /* Resources */ = {
			isa = PBXResourcesBuildPhase;
			buildActionMask = 2147483647;
			files = (
			);
			runOnlyForDeploymentPostprocessing = 0;
		};
		04D89BE62DB8B3C800BFF180 /* Resources */ = {
			isa = PBXResourcesBuildPhase;
			buildActionMask = 2147483647;
			files = (
			);
			runOnlyForDeploymentPostprocessing = 0;
		};
/* End PBXResourcesBuildPhase section */

/* Begin PBXSourcesBuildPhase section */
		04D89BC52DB8B3C500BFF180 /* Sources */ = {
			isa = PBXSourcesBuildPhase;
			buildActionMask = 2147483647;
			files = (
			);
			runOnlyForDeploymentPostprocessing = 0;
		};
		04D89BDA2DB8B3C800BFF180 /* Sources */ = {
			isa = PBXSourcesBuildPhase;
			buildActionMask = 2147483647;
			files = (
			);
			runOnlyForDeploymentPostprocessing = 0;
		};
		04D89BE42DB8B3C800BFF180 /* Sources */ = {
			isa = PBXSourcesBuildPhase;
			buildActionMask = 2147483647;
			files = (
			);
			runOnlyForDeploymentPostprocessing = 0;
		};
/* End PBXSourcesBuildPhase section */

/* Begin PBXTargetDependency section */
		04D89BE02DB8B3C800BFF180 /* PBXTargetDependency */ = {
			isa = PBXTargetDependency;
			target = 04D89BC82DB8B3C500BFF180 /* RVChatApp */;
			targetProxy = 04D89BDF2DB8B3C800BFF180 /* PBXContainerItemProxy */;
		};
		04D89BEA2DB8B3C800BFF180 /* PBXTargetDependency */ = {
			isa = PBXTargetDependency;
			target = 04D89BC82DB8B3C500BFF180 /* RVChatApp */;
			targetProxy = 04D89BE92DB8B3C800BFF180 /* PBXContainerItemProxy */;
		};
/* End PBXTargetDependency section */

/* Begin XCBuildConfiguration section */
		04D89BF02DB8B3C800BFF180 /* Debug */ = {
			isa = XCBuildConfiguration;
			buildSettings = {
				ALWAYS_SEARCH_USER_PATHS = NO;
				ASSETCATALOG_COMPILER_GENERATE_SWIFT_ASSET_SYMBOL_EXTENSIONS = YES;
				CLANG_ANALYZER_NONNULL = YES;
				CLANG_ANALYZER_NUMBER_OBJECT_CONVERSION = YES_AGGRESSIVE;
				CLANG_CXX_LANGUAGE_STANDARD = "gnu++20";
				CLANG_ENABLE_MODULES = YES;
				CLANG_ENABLE_OBJC_ARC = YES;
				CLANG_ENABLE_OBJC_WEAK = YES;
				CLANG_WARN_BLOCK_CAPTURE_AUTORELEASING = YES;
				CLANG_WARN_BOOL_CONVERSION = YES;
				CLANG_WARN_COMMA = YES;
				CLANG_WARN_CONSTANT_CONVERSION = YES;
				CLANG_WARN_DEPRECATED_OBJC_IMPLEMENTATIONS = YES;
				CLANG_WARN_DIRECT_OBJC_ISA_USAGE = YES_ERROR;
				CLANG_WARN_DOCUMENTATION_COMMENTS = YES;
				CLANG_WARN_EMPTY_BODY = YES;
				CLANG_WARN_ENUM_CONVERSION = YES;
				CLANG_WARN_INFINITE_RECURSION = YES;
				CLANG_WARN_INT_CONVERSION = YES;
				CLANG_WARN_NON_LITERAL_NULL_CONVERSION = YES;
				CLANG_WARN_OBJC_IMPLICIT_RETAIN_SELF = YES;
				CLANG_WARN_OBJC_LITERAL_CONVERSION = YES;
				CLANG_WARN_OBJC_ROOT_CLASS = YES_ERROR;
				CLANG_WARN_QUOTED_INCLUDE_IN_FRAMEWORK_HEADER = YES;
				CLANG_WARN_RANGE_LOOP_ANALYSIS = YES;
				CLANG_WARN_STRICT_PROTOTYPES = YES;
				CLANG_WARN_SUSPICIOUS_MOVE = YES;
				CLANG_WARN_UNGUARDED_AVAILABILITY = YES_AGGRESSIVE;
				CLANG_WARN_UNREACHABLE_CODE = YES;
				CLANG_WARN__DUPLICATE_METHOD_MATCH = YES;
				COPY_PHASE_STRIP = NO;
				DEBUG_INFORMATION_FORMAT = dwarf;
				ENABLE_STRICT_OBJC_MSGSEND = YES;
				ENABLE_TESTABILITY = YES;
				ENABLE_USER_SCRIPT_SANDBOXING = YES;
				GCC_C_LANGUAGE_STANDARD = gnu17;
				GCC_DYNAMIC_NO_PIC = NO;
				GCC_NO_COMMON_BLOCKS = YES;
				GCC_OPTIMIZATION_LEVEL = 0;
				GCC_PREPROCESSOR_DEFINITIONS = (
					"DEBUG=1",
					"$(inherited)",
				);
				GCC_WARN_64_TO_32_BIT_CONVERSION = YES;
				GCC_WARN_ABOUT_RETURN_TYPE = YES_ERROR;
				GCC_WARN_UNDECLARED_SELECTOR = YES;
				GCC_WARN_UNINITIALIZED_AUTOS = YES_AGGRESSIVE;
				GCC_WARN_UNUSED_FUNCTION = YES;
				GCC_WARN_UNUSED_VARIABLE = YES;
				IPHONEOS_DEPLOYMENT_TARGET = 18.0;
				LOCALIZATION_PREFERS_STRING_CATALOGS = YES;
				MTL_ENABLE_DEBUG_INFO = INCLUDE_SOURCE;
				MTL_FAST_MATH = YES;
				ONLY_ACTIVE_ARCH = YES;
				SDKROOT = iphoneos;
				SWIFT_ACTIVE_COMPILATION_CONDITIONS = "DEBUG $(inherited)";
				SWIFT_OPTIMIZATION_LEVEL = "-Onone";
			};
			name = Debug;
		};
		04D89BF12DB8B3C800BFF180 /* Release */ = {
			isa = XCBuildConfiguration;
			buildSettings = {
				ALWAYS_SEARCH_USER_PATHS = NO;
				ASSETCATALOG_COMPILER_GENERATE_SWIFT_ASSET_SYMBOL_EXTENSIONS = YES;
				CLANG_ANALYZER_NONNULL = YES;
				CLANG_ANALYZER_NUMBER_OBJECT_CONVERSION = YES_AGGRESSIVE;
				CLANG_CXX_LANGUAGE_STANDARD = "gnu++20";
				CLANG_ENABLE_MODULES = YES;
				CLANG_ENABLE_OBJC_ARC = YES;
				CLANG_ENABLE_OBJC_WEAK = YES;
				CLANG_WARN_BLOCK_CAPTURE_AUTORELEASING = YES;
				CLANG_WARN_BOOL_CONVERSION = YES;
				CLANG_WARN_COMMA = YES;
				CLANG_WARN_CONSTANT_CONVERSION = YES;
				CLANG_WARN_DEPRECATED_OBJC_IMPLEMENTATIONS = YES;
				CLANG_WARN_DIRECT_OBJC_ISA_USAGE = YES_ERROR;
				CLANG_WARN_DOCUMENTATION_COMMENTS = YES;
				CLANG_WARN_EMPTY_BODY = YES;
				CLANG_WARN_ENUM_CONVERSION = YES;
				CLANG_WARN_INFINITE_RECURSION = YES;
				CLANG_WARN_INT_CONVERSION = YES;
				CLANG_WARN_NON_LITERAL_NULL_CONVERSION = YES;
				CLANG_WARN_OBJC_IMPLICIT_RETAIN_SELF = YES;
				CLANG_WARN_OBJC_LITERAL_CONVERSION = YES;
				CLANG_WARN_OBJC_ROOT_CLASS = YES_ERROR;
				CLANG_WARN_QUOTED_INCLUDE_IN_FRAMEWORK_HEADER = YES;
				CLANG_WARN_RANGE_LOOP_ANALYSIS = YES;
				CLANG_WARN_STRICT_PROTOTYPES = YES;
				CLANG_WARN_SUSPICIOUS_MOVE = YES;
				CLANG_WARN_UNGUARDED_AVAILABILITY = YES_AGGRESSIVE;
				CLANG_WARN_UNREACHABLE_CODE = YES;
				CLANG_WARN__DUPLICATE_METHOD_MATCH = YES;
				COPY_PHASE_STRIP = NO;
				DEBUG_INFORMATION_FORMAT = "dwarf-with-dsym";
				ENABLE_NS_ASSERTIONS = NO;
				ENABLE_STRICT_OBJC_MSGSEND = YES;
				ENABLE_USER_SCRIPT_SANDBOXING = YES;
				GCC_C_LANGUAGE_STANDARD = gnu17;
				GCC_NO_COMMON_BLOCKS = YES;
				GCC_WARN_64_TO_32_BIT_CONVERSION = YES;
				GCC_WARN_ABOUT_RETURN_TYPE = YES_ERROR;
				GCC_WARN_UNDECLARED_SELECTOR = YES;
				GCC_WARN_UNINITIALIZED_AUTOS = YES_AGGRESSIVE;
				GCC_WARN_UNUSED_FUNCTION = YES;
				GCC_WARN_UNUSED_VARIABLE = YES;
				IPHONEOS_DEPLOYMENT_TARGET = 18.0;
				LOCALIZATION_PREFERS_STRING_CATALOGS = YES;
				MTL_ENABLE_DEBUG_INFO = NO;
				MTL_FAST_MATH = YES;
				SDKROOT = iphoneos;
				SWIFT_COMPILATION_MODE = wholemodule;
				VALIDATE_PRODUCT = YES;
			};
			name = Release;
		};
		04D89BF32DB8B3C800BFF180 /* Debug */ = {
			isa = XCBuildConfiguration;
			buildSettings = {
				ASSETCATALOG_COMPILER_APPICON_NAME = AppIcon;
				ASSETCATALOG_COMPILER_GLOBAL_ACCENT_COLOR_NAME = AccentColor;
				CODE_SIGN_STYLE = Automatic;
				CURRENT_PROJECT_VERSION = 1;
				DEVELOPMENT_ASSET_PATHS = "\"RVChatApp/Preview Content\"";
				ENABLE_PREVIEWS = YES;
				GENERATE_INFOPLIST_FILE = YES;
				INFOPLIST_FILE = RVChatApp/Info.plist;
				INFOPLIST_KEY_CFBundleDisplayName = "RV Chat App";
				INFOPLIST_KEY_LSApplicationCategoryType = "public.app-category.social-networking";
				INFOPLIST_KEY_UIApplicationSceneManifest_Generation = YES;
				INFOPLIST_KEY_UIApplicationSupportsIndirectInputEvents = YES;
				INFOPLIST_KEY_UILaunchScreen_Generation = YES;
				INFOPLIST_KEY_UISupportedInterfaceOrientations = UIInterfaceOrientationPortrait;
				LD_RUNPATH_SEARCH_PATHS = (
					"$(inherited)",
					"@executable_path/Frameworks",
				);
				MARKETING_VERSION = 1.0;
				PRODUCT_BUNDLE_IDENTIFIER = RV.RVChatApp;
				PRODUCT_NAME = "$(TARGET_NAME)";
				SWIFT_EMIT_LOC_STRINGS = YES;
				SWIFT_VERSION = 5.0;
				TARGETED_DEVICE_FAMILY = "1,2";
			};
			name = Debug;
		};
		04D89BF42DB8B3C800BFF180 /* Release */ = {
			isa = XCBuildConfiguration;
			buildSettings = {
				ASSETCATALOG_COMPILER_APPICON_NAME = AppIcon;
				ASSETCATALOG_COMPILER_GLOBAL_ACCENT_COLOR_NAME = AccentColor;
				CODE_SIGN_STYLE = Automatic;
				CURRENT_PROJECT_VERSION = 1;
				DEVELOPMENT_ASSET_PATHS = "\"RVChatApp/Preview Content\"";
				ENABLE_PREVIEWS = YES;
				GENERATE_INFOPLIST_FILE = YES;
				INFOPLIST_FILE = RVChatApp/Info.plist;
				INFOPLIST_KEY_CFBundleDisplayName = "RV Chat App";
				INFOPLIST_KEY_LSApplicationCategoryType = "public.app-category.social-networking";
				INFOPLIST_KEY_UIApplicationSceneManifest_Generation = YES;
				INFOPLIST_KEY_UIApplicationSupportsIndirectInputEvents = YES;
				INFOPLIST_KEY_UILaunchScreen_Generation = YES;
				INFOPLIST_KEY_UISupportedInterfaceOrientations = UIInterfaceOrientationPortrait;
				LD_RUNPATH_SEARCH_PATHS = (
					"$(inherited)",
					"@executable_path/Frameworks",
				);
				MARKETING_VERSION = 1.0;
				PRODUCT_BUNDLE_IDENTIFIER = RV.RVChatApp;
				PRODUCT_NAME = "$(TARGET_NAME)";
				SWIFT_EMIT_LOC_STRINGS = YES;
				SWIFT_VERSION = 5.0;
				TARGETED_DEVICE_FAMILY = "1,2";
			};
			name = Release;
		};
		04D89BF62DB8B3C800BFF180 /* Debug */ = {
			isa = XCBuildConfiguration;
			buildSettings = {
				BUNDLE_LOADER = "$(TEST_HOST)";
				CODE_SIGN_STYLE = Automatic;
				CURRENT_PROJECT_VERSION = 1;
				GENERATE_INFOPLIST_FILE = YES;
				IPHONEOS_DEPLOYMENT_TARGET = 18.0;
				MARKETING_VERSION = 1.0;
				PRODUCT_BUNDLE_IDENTIFIER = RV.RVChatAppTests;
				PRODUCT_NAME = "$(TARGET_NAME)";
				SWIFT_EMIT_LOC_STRINGS = NO;
				SWIFT_VERSION = 5.0;
				TARGETED_DEVICE_FAMILY = "1,2";
				TEST_HOST = "$(BUILT_PRODUCTS_DIR)/RVChatApp.app/$(BUNDLE_EXECUTABLE_FOLDER_PATH)/RVChatApp";
			};
			name = Debug;
		};
		04D89BF72DB8B3C800BFF180 /* Release */ = {
			isa = XCBuildConfiguration;
			buildSettings = {
				BUNDLE_LOADER = "$(TEST_HOST)";
				CODE_SIGN_STYLE = Automatic;
				CURRENT_PROJECT_VERSION = 1;
				GENERATE_INFOPLIST_FILE = YES;
				IPHONEOS_DEPLOYMENT_TARGET = 18.0;
				MARKETING_VERSION = 1.0;
				PRODUCT_BUNDLE_IDENTIFIER = RV.RVChatAppTests;
				PRODUCT_NAME = "$(TARGET_NAME)";
				SWIFT_EMIT_LOC_STRINGS = NO;
				SWIFT_VERSION = 5.0;
				TARGETED_DEVICE_FAMILY = "1,2";
				TEST_HOST = "$(BUILT_PRODUCTS_DIR)/RVChatApp.app/$(BUNDLE_EXECUTABLE_FOLDER_PATH)/RVChatApp";
			};
			name = Release;
		};
		04D89BF92DB8B3C800BFF180 /* Debug */ = {
			isa = XCBuildConfiguration;
			buildSettings = {
				CODE_SIGN_STYLE = Automatic;
				CURRENT_PROJECT_VERSION = 1;
				GENERATE_INFOPLIST_FILE = YES;
				MARKETING_VERSION = 1.0;
				PRODUCT_BUNDLE_IDENTIFIER = RV.RVChatAppUITests;
				PRODUCT_NAME = "$(TARGET_NAME)";
				SWIFT_EMIT_LOC_STRINGS = NO;
				SWIFT_VERSION = 5.0;
				TARGETED_DEVICE_FAMILY = "1,2";
				TEST_TARGET_NAME = RVChatApp;
			};
			name = Debug;
		};
		04D89BFA2DB8B3C800BFF180 /* Release */ = {
			isa = XCBuildConfiguration;
			buildSettings = {
				CODE_SIGN_STYLE = Automatic;
				CURRENT_PROJECT_VERSION = 1;
				GENERATE_INFOPLIST_FILE = YES;
				MARKETING_VERSION = 1.0;
				PRODUCT_BUNDLE_IDENTIFIER = RV.RVChatAppUITests;
				PRODUCT_NAME = "$(TARGET_NAME)";
				SWIFT_EMIT_LOC_STRINGS = NO;
				SWIFT_VERSION = 5.0;
				TARGETED_DEVICE_FAMILY = "1,2";
				TEST_TARGET_NAME = RVChatApp;
			};
			name = Release;
		};
/* End XCBuildConfiguration section */

/* Begin XCConfigurationList section */
		04D89BC42DB8B3C500BFF180 /* Build configuration list for PBXProject "RVChatApp" */ = {
			isa = XCConfigurationList;
			buildConfigurations = (
				04D89BF02DB8B3C800BFF180 /* Debug */,
				04D89BF12DB8B3C800BFF180 /* Release */,
			);
			defaultConfigurationIsVisible = 0;
			defaultConfigurationName = Release;
		};
		04D89BF22DB8B3C800BFF180 /* Build configuration list for PBXNativeTarget "RVChatApp" */ = {
			isa = XCConfigurationList;
			buildConfigurations = (
				04D89BF32DB8B3C800BFF180 /* Debug */,
				04D89BF42DB8B3C800BFF180 /* Release */,
			);
			defaultConfigurationIsVisible = 0;
			defaultConfigurationName = Release;
		};
		04D89BF52DB8B3C800BFF180 /* Build configuration list for PBXNativeTarget "RVChatAppTests" */ = {
			isa = XCConfigurationList;
			buildConfigurations = (
				04D89BF62DB8B3C800BFF180 /* Debug */,
				04D89BF72DB8B3C800BFF180 /* Release */,
			);
			defaultConfigurationIsVisible = 0;
			defaultConfigurationName = Release;
		};
		04D89BF82DB8B3C800BFF180 /* Build configuration list for PBXNativeTarget "RVChatAppUITests" */ = {
			isa = XCConfigurationList;
			buildConfigurations = (
				04D89BF92DB8B3C800BFF180 /* Debug */,
				04D89BFA2DB8B3C800BFF180 /* Release */,
			);
			defaultConfigurationIsVisible = 0;
			defaultConfigurationName = Release;
		};
/* End XCConfigurationList section */

/* Begin XCRemoteSwiftPackageReference section */
		046B7D8B2DBB5B30004CEF89 /* XCRemoteSwiftPackageReference "MediaPicker" */ = {
			isa = XCRemoteSwiftPackageReference;
			repositoryURL = "https://github.com/exyte/MediaPicker";
			requirement = {
				kind = upToNextMajorVersion;
				minimumVersion = 3.1.4;
			};
		};
		04C231742DB950530079AC17 /* XCRemoteSwiftPackageReference "firebase-ios-sdk" */ = {
			isa = XCRemoteSwiftPackageReference;
			repositoryURL = "https://github.com/firebase/firebase-ios-sdk";
			requirement = {
				kind = upToNextMajorVersion;
				minimumVersion = 11.12.0;
			};
		};
/* End XCRemoteSwiftPackageReference section */

/* Begin XCSwiftPackageProductDependency section */
		046B7D852DBB5416004CEF89 /* FirebaseCore */ = {
			isa = XCSwiftPackageProductDependency;
			package = 04C231742DB950530079AC17 /* XCRemoteSwiftPackageReference "firebase-ios-sdk" */;
			productName = FirebaseCore;
		};
		046B7D872DBB5416004CEF89 /* FirebaseFunctions */ = {
			isa = XCSwiftPackageProductDependency;
			package = 04C231742DB950530079AC17 /* XCRemoteSwiftPackageReference "firebase-ios-sdk" */;
			productName = FirebaseFunctions;
		};
		046B7D892DBB5416004CEF89 /* FirebaseFunctionsCombine-Community */ = {
			isa = XCSwiftPackageProductDependency;
			package = 04C231742DB950530079AC17 /* XCRemoteSwiftPackageReference "firebase-ios-sdk" */;
			productName = "FirebaseFunctionsCombine-Community";
		};
		046B7D8C2DBB5B30004CEF89 /* ExyteMediaPicker */ = {
			isa = XCSwiftPackageProductDependency;
			package = 046B7D8B2DBB5B30004CEF89 /* XCRemoteSwiftPackageReference "MediaPicker" */;
			productName = ExyteMediaPicker;
		};
		04C231752DB950530079AC17 /* FirebaseAnalyticsWithoutAdIdSupport */ = {
			isa = XCSwiftPackageProductDependency;
			package = 04C231742DB950530079AC17 /* XCRemoteSwiftPackageReference "firebase-ios-sdk" */;
			productName = FirebaseAnalyticsWithoutAdIdSupport;
		};
		04C231772DB950530079AC17 /* FirebaseAuth */ = {
			isa = XCSwiftPackageProductDependency;
			package = 04C231742DB950530079AC17 /* XCRemoteSwiftPackageReference "firebase-ios-sdk" */;
			productName = FirebaseAuth;
		};
		04C231792DB950530079AC17 /* FirebaseFirestore */ = {
			isa = XCSwiftPackageProductDependency;
			package = 04C231742DB950530079AC17 /* XCRemoteSwiftPackageReference "firebase-ios-sdk" */;
			productName = FirebaseFirestore;
		};
		04C2317B2DB950530079AC17 /* FirebaseMessaging */ = {
			isa = XCSwiftPackageProductDependency;
			package = 04C231742DB950530079AC17 /* XCRemoteSwiftPackageReference "firebase-ios-sdk" */;
			productName = FirebaseMessaging;
		};
		04C2317D2DB950530079AC17 /* FirebaseStorage */ = {
			isa = XCSwiftPackageProductDependency;
			package = 04C231742DB950530079AC17 /* XCRemoteSwiftPackageReference "firebase-ios-sdk" */;
			productName = FirebaseStorage;
		};
/* End XCSwiftPackageProductDependency section */
	};
	rootObject = 04D89BC12DB8B3C500BFF180 /* Project object */;
}
